Microsoft Visual Studio Solution File, Format Version 12.00
# Visual Studio Version 17
VisualStudioVersion = 17.5.2.0
MinimumVisualStudioVersion = 10.0.40219.1
Project("{FAE04EC0-301F-11D3-BF4B-00C04F79EFBC}") = "DBManager", "DBManager.csproj", "{EAF4D72F-182F-196A-0C3A-DA461B196332}"
EndProject
Global
	GlobalSection(SolutionConfigurationPlatforms) = preSolution
		Debug|Any CPU = Debug|Any CPU
		Release|Any CPU = Release|Any CPU
	EndGlobalSection
	GlobalSection(ProjectConfigurationPlatforms) = postSolution
		{EAF4D72F-182F-196A-0C3A-DA461B196332}.Debug|Any CPU.ActiveCfg = Debug|Any CPU
		{EAF4D72F-182F-196A-0C3A-DA461B196332}.Debug|Any CPU.Build.0 = Debug|Any CPU
		{EAF4D72F-182F-196A-0C3A-DA461B196332}.Release|Any CPU.ActiveCfg = Release|Any CPU
		{EAF4D72F-182F-196A-0C3A-DA461B196332}.Release|Any CPU.Build.0 = Release|Any CPU
	EndGlobalSection
	GlobalSection(SolutionProperties) = preSolution
		HideSolutionNode = FALSE
	EndGlobalSection
	GlobalSection(ExtensibilityGlobals) = postSolution
		SolutionGuid = {EFFE711C-2F54-4D6A-AAE5-33E8784804ED}
	EndGlobalSection
EndGlobal
